
Microsoft Visual Studio Solution File, Format Version 12.00
# Visual Studio Version 17
VisualStudioVersion = 17.12.35323.107
MinimumVisualStudioVersion = 10.0.40219.1
Project("{FAE04EC0-301F-11D3-BF4B-00C04F79EFBC}") = "WebApplication2", "WebApplication2\WebApplication2.csproj", "{0E0C90BD-1571-4CDB-B8E1-0AB968B7EAC2}"
EndProject
Project("{FAE04EC0-301F-11D3-BF4B-00C04F79EFBC}") = "ClassLibrary1", "ClassLibrary1\ClassLibrary1.csproj", "{C47046F5-C202-463A-BCF0-CEFD8C16A4C1}"
EndProject
Global
	GlobalSection(SolutionConfigurationPlatforms) = preSolution
		Debug|Any CPU = Debug|Any CPU
		Release|Any CPU = Release|Any CPU
	EndGlobalSection
	GlobalSection(ProjectConfigurationPlatforms) = postSolution
		{0E0C90BD-1571-4CDB-B8E1-0AB968B7EAC2}.Debug|Any CPU.ActiveCfg = Debug|Any CPU
		{0E0C90BD-1571-4CDB-B8E1-0AB968B7EAC2}.Debug|Any CPU.Build.0 = Debug|Any CPU
		{0E0C90BD-1571-4CDB-B8E1-0AB968B7EAC2}.Release|Any CPU.ActiveCfg = Release|Any CPU
		{0E0C90BD-1571-4CDB-B8E1-0AB968B7EAC2}.Release|Any CPU.Build.0 = Release|Any CPU
		{C47046F5-C202-463A-BCF0-CEFD8C16A4C1}.Debug|Any CPU.ActiveCfg = Debug|Any CPU
		{C47046F5-C202-463A-BCF0-CEFD8C16A4C1}.Debug|Any CPU.Build.0 = Debug|Any CPU
		{C47046F5-C202-463A-BCF0-CEFD8C16A4C1}.Release|Any CPU.ActiveCfg = Release|Any CPU
		{C47046F5-C202-463A-BCF0-CEFD8C16A4C1}.Release|Any CPU.Build.0 = Release|Any CPU
	EndGlobalSection
	GlobalSection(SolutionProperties) = preSolution
		HideSolutionNode = FALSE
	EndGlobalSection
	GlobalSection(ExtensibilityGlobals) = postSolution
		SolutionGuid = {56FC512F-7D30-4466-8E8C-2ADFA5B42998}
	EndGlobalSection
EndGlobal
